github.com/google/uuid v1.6.0 h1:NIvaJDMOsjHA8n1jAhLSgzrAzy1Hgr+hNrb57e+94F0=
github.com/google/uuid v1.6.0/go.mod h1:TIyPZe4MgqvfeYDBFedMoGGpEw/LqOeaOT+nhxU+yHo=
libvirt.org/go/libvirt v1.11006.0 h1:xzF87ptj/7cp1h4T62w1ZMBVY8m0mQukSCstMgeiVLs=
libvirt.org/go/libvirt v1.11006.0/go.mod h1:1WiFE8EjZfq+FCVog+rvr1yatKbKZ9FaFMZgEqxEJqQ=
